# This file is automatically @generated by Cargo.
# It is not intended for manual editing.
[[package]]
name = "anyhow"
version = "1.0.25"
source = "registry+https://github.com/rust-lang/crates.io-index"

[[package]]
name = "day2"
version = "0.1.0"
dependencies = [
 "anyhow 1.0.25 (registry+https://github.com/rust-lang/crates.io-index)",
]

[metadata]
"checksum anyhow 1.0.25 (registry+https://github.com/rust-lang/crates.io-index)" = "9267dff192e68f3399525901e709a48c1d3982c9c072fa32f2127a0cb0babf14"
